
Microsoft Visual Studio Solution File, Format Version 12.00
# Visual Studio Version 17
VisualStudioVersion = 17.4.33403.182
MinimumVisualStudioVersion = 10.0.40219.1
Project("{FAE04EC0-301F-11D3-BF4B-00C04F79EFBC}") = "SegundaPracticaXiangZhou", "SegundaPracticaXiangZhou\SegundaPracticaXiangZhou.csproj", "{1BD74AF1-25EF-4919-8699-6EB3D6006901}"
EndProject
Global
	GlobalSection(SolutionConfigurationPlatforms) = preSolution
		Debug|Any CPU = Debug|Any CPU
		Release|Any CPU = Release|Any CPU
	EndGlobalSection
	GlobalSection(ProjectConfigurationPlatforms) = postSolution
		{1BD74AF1-25EF-4919-8699-6EB3D6006901}.Debug|Any CPU.ActiveCfg = Debug|Any CPU
		{1BD74AF1-25EF-4919-8699-6EB3D6006901}.Debug|Any CPU.Build.0 = Debug|Any CPU
		{1BD74AF1-25EF-4919-8699-6EB3D6006901}.Release|Any CPU.ActiveCfg = Release|Any CPU
		{1BD74AF1-25EF-4919-8699-6EB3D6006901}.Release|Any CPU.Build.0 = Release|Any CPU
	EndGlobalSection
	GlobalSection(SolutionProperties) = preSolution
		HideSolutionNode = FALSE
	EndGlobalSection
	GlobalSection(ExtensibilityGlobals) = postSolution
		SolutionGuid = {93DC3F12-61ED-437A-ABF9-5BB8037AEEED}
	EndGlobalSection
EndGlobal
